Microsoft Visual Studio Solution File, Format Version 12.00
# Visual Studio Version 16
VisualStudioVersion = 16.0.31025.194
MinimumVisualStudioVersion = 10.0.40219.1
Project("{FAE04EC0-301F-11D3-BF4B-00C04F79EFBC}") = "AiForms.SettingsView", "SettingsView\AiForms.SettingsView.csproj", "{505C0293-9360-4069-A011-572226E9430E}"
EndProject
Global
	GlobalSection(SolutionConfigurationPlatforms) = preSolution
		Debug|Any CPU = Debug|Any CPU
		Debug|iPhoneSimulator = Debug|iPhoneSimulator
		Release|Any CPU = Release|Any CPU
		Release|iPhoneSimulator = Release|iPhoneSimulator
	EndGlobalSection
	GlobalSection(ProjectConfigurationPlatforms) = postSolution
		{505C0293-9360-4069-A011-572226E9430E}.Debug|Any CPU.ActiveCfg = Debug|Any CPU
		{505C0293-9360-4069-A011-572226E9430E}.Debug|Any CPU.Build.0 = Debug|Any CPU
		{505C0293-9360-4069-A011-572226E9430E}.Debug|iPhoneSimulator.ActiveCfg = Debug|Any CPU
		{505C0293-9360-4069-A011-572226E9430E}.Debug|iPhoneSimulator.Build.0 = Debug|Any CPU
		{505C0293-9360-4069-A011-572226E9430E}.Release|Any CPU.ActiveCfg = Release|Any CPU
		{505C0293-9360-4069-A011-572226E9430E}.Release|Any CPU.Build.0 = Release|Any CPU
		{505C0293-9360-4069-A011-572226E9430E}.Release|iPhoneSimulator.ActiveCfg = Release|Any CPU
		{505C0293-9360-4069-A011-572226E9430E}.Release|iPhoneSimulator.Build.0 = Release|Any CPU
	EndGlobalSection
	GlobalSection(SolutionProperties) = preSolution
		HideSolutionNode = FALSE
	EndGlobalSection
	GlobalSection(ExtensibilityGlobals) = postSolution
		SolutionGuid = {F5AEB7C8-2112-4B1D-96C5-DBCAC8CCA1BA}
	EndGlobalSection
EndGlobal
